
Microsoft Visual Studio Solution File, Format Version 12.00
Project("{FAE04EC0-301F-11D3-BF4B-00C04F79EFBC}") = "SimpleClassExample", "SimpleClassExample\SimpleClassExample.csproj", "{DC1FFA41-283A-4AAA-AD64-A38227CCAEEE}"
EndProject
Project("{FAE04EC0-301F-11D3-BF4B-00C04F79EFBC}") = "StaticDataAndMembers", "StaticDataAndMembers\StaticDataAndMembers.csproj", "{E071E95F-F05C-477A-B402-957181E8FEE4}"
EndProject
Project("{FAE04EC0-301F-11D3-BF4B-00C04F79EFBC}") = "EmployeeApp", "EmployeeApp\EmployeeApp.csproj", "{A193EF4F-3122-4E73-8AE4-B09DFEBDC46E}"
EndProject
Project("{FAE04EC0-301F-11D3-BF4B-00C04F79EFBC}") = "AutoProps", "AutoProps\AutoProps.csproj", "{C049842D-A183-4A51-A54B-850E5C5F34D5}"
EndProject
Project("{FAE04EC0-301F-11D3-BF4B-00C04F79EFBC}") = "ObjectInitializers", "ObjectInitializers\ObjectInitializers.csproj", "{CEB623DB-07E1-4A4B-B14D-E7E4652E5E29}"
EndProject
Project("{FAE04EC0-301F-11D3-BF4B-00C04F79EFBC}") = "ConstData", "ConstData\ConstData.csproj", "{4BD0E450-4D5B-46AF-838D-FF3557D856C2}"
EndProject
Project("{FAE04EC0-301F-11D3-BF4B-00C04F79EFBC}") = "PartialClasses", "PartialClasses\PartialClasses.csproj", "{2A89874B-6F7D-4295-AFC5-4F335EEBEE7E}"
EndProject
Project("{FAE04EC0-301F-11D3-BF4B-00C04F79EFBC}") = "FunWithRecords", "FunWithRecords\FunWithRecords.csproj", "{F0721254-9B6E-4993-97F1-6A2C8D7BB066}"
EndProject
Global
	GlobalSection(SolutionConfigurationPlatforms) = preSolution
		Debug|Any CPU = Debug|Any CPU
		Release|Any CPU = Release|Any CPU
	EndGlobalSection
	GlobalSection(ProjectConfigurationPlatforms) = postSolution
		{DC1FFA41-283A-4AAA-AD64-A38227CCAEEE}.Debug|Any CPU.ActiveCfg = Debug|Any CPU
		{DC1FFA41-283A-4AAA-AD64-A38227CCAEEE}.Debug|Any CPU.Build.0 = Debug|Any CPU
		{DC1FFA41-283A-4AAA-AD64-A38227CCAEEE}.Release|Any CPU.ActiveCfg = Release|Any CPU
		{DC1FFA41-283A-4AAA-AD64-A38227CCAEEE}.Release|Any CPU.Build.0 = Release|Any CPU
		{E071E95F-F05C-477A-B402-957181E8FEE4}.Debug|Any CPU.ActiveCfg = Debug|Any CPU
		{E071E95F-F05C-477A-B402-957181E8FEE4}.Debug|Any CPU.Build.0 = Debug|Any CPU
		{E071E95F-F05C-477A-B402-957181E8FEE4}.Release|Any CPU.ActiveCfg = Release|Any CPU
		{E071E95F-F05C-477A-B402-957181E8FEE4}.Release|Any CPU.Build.0 = Release|Any CPU
		{A193EF4F-3122-4E73-8AE4-B09DFEBDC46E}.Debug|Any CPU.ActiveCfg = Debug|Any CPU
		{A193EF4F-3122-4E73-8AE4-B09DFEBDC46E}.Debug|Any CPU.Build.0 = Debug|Any CPU
		{A193EF4F-3122-4E73-8AE4-B09DFEBDC46E}.Release|Any CPU.ActiveCfg = Release|Any CPU
		{A193EF4F-3122-4E73-8AE4-B09DFEBDC46E}.Release|Any CPU.Build.0 = Release|Any CPU
		{C049842D-A183-4A51-A54B-850E5C5F34D5}.Debug|Any CPU.ActiveCfg = Debug|Any CPU
		{C049842D-A183-4A51-A54B-850E5C5F34D5}.Debug|Any CPU.Build.0 = Debug|Any CPU
		{C049842D-A183-4A51-A54B-850E5C5F34D5}.Release|Any CPU.ActiveCfg = Release|Any CPU
		{C049842D-A183-4A51-A54B-850E5C5F34D5}.Release|Any CPU.Build.0 = Release|Any CPU
		{CEB623DB-07E1-4A4B-B14D-E7E4652E5E29}.Debug|Any CPU.ActiveCfg = Debug|Any CPU
		{CEB623DB-07E1-4A4B-B14D-E7E4652E5E29}.Debug|Any CPU.Build.0 = Debug|Any CPU
		{CEB623DB-07E1-4A4B-B14D-E7E4652E5E29}.Release|Any CPU.ActiveCfg = Release|Any CPU
		{CEB623DB-07E1-4A4B-B14D-E7E4652E5E29}.Release|Any CPU.Build.0 = Release|Any CPU
		{4BD0E450-4D5B-46AF-838D-FF3557D856C2}.Debug|Any CPU.ActiveCfg = Debug|Any CPU
		{4BD0E450-4D5B-46AF-838D-FF3557D856C2}.Debug|Any CPU.Build.0 = Debug|Any CPU
		{4BD0E450-4D5B-46AF-838D-FF3557D856C2}.Release|Any CPU.ActiveCfg = Release|Any CPU
		{4BD0E450-4D5B-46AF-838D-FF3557D856C2}.Release|Any CPU.Build.0 = Release|Any CPU
		{2A89874B-6F7D-4295-AFC5-4F335EEBEE7E}.Debug|Any CPU.ActiveCfg = Debug|Any CPU
		{2A89874B-6F7D-4295-AFC5-4F335EEBEE7E}.Debug|Any CPU.Build.0 = Debug|Any CPU
		{2A89874B-6F7D-4295-AFC5-4F335EEBEE7E}.Release|Any CPU.ActiveCfg = Release|Any CPU
		{2A89874B-6F7D-4295-AFC5-4F335EEBEE7E}.Release|Any CPU.Build.0 = Release|Any CPU
		{F0721254-9B6E-4993-97F1-6A2C8D7BB066}.Debug|Any CPU.ActiveCfg = Debug|Any CPU
		{F0721254-9B6E-4993-97F1-6A2C8D7BB066}.Debug|Any CPU.Build.0 = Debug|Any CPU
		{F0721254-9B6E-4993-97F1-6A2C8D7BB066}.Release|Any CPU.ActiveCfg = Release|Any CPU
		{F0721254-9B6E-4993-97F1-6A2C8D7BB066}.Release|Any CPU.Build.0 = Release|Any CPU
	EndGlobalSection
EndGlobal
