
Microsoft Visual Studio Solution File, Format Version 12.00
# Visual Studio Version 16
VisualStudioVersion = 16.6.30114.105
MinimumVisualStudioVersion = 10.0.40219.1
Project("{FAE04EC0-301F-11D3-BF4B-00C04F79EFBC}") = "CommonSnappableTypes", "CommonSnappableTypes\CommonSnappableTypes.csproj", "{B05CC03E-2DEE-45DA-9697-3DD22CCBEF7B}"
EndProject
Project("{FAE04EC0-301F-11D3-BF4B-00C04F79EFBC}") = "CSharpSnapIn", "CSharpSnapIn\CSharpSnapIn.csproj", "{49F24DE2-C405-4BCD-A180-5DD16CE422F1}"
EndProject
Project("{F184B08F-C81C-45F6-A57F-5ABD9991F28F}") = "VBSnapIn", "VBSnapIn\VBSnapIn.vbproj", "{99338F74-3F3D-4F67-AD98-824FF692453A}"
EndProject
Project("{FAE04EC0-301F-11D3-BF4B-00C04F79EFBC}") = "MyExtendableApp", "MyExtendableApp\MyExtendableApp.csproj", "{6843F653-558B-4BD4-976E-12F36F2987C9}"
	ProjectSection(ProjectDependencies) = postProject
		{99338F74-3F3D-4F67-AD98-824FF692453A} = {99338F74-3F3D-4F67-AD98-824FF692453A}
		{49F24DE2-C405-4BCD-A180-5DD16CE422F1} = {49F24DE2-C405-4BCD-A180-5DD16CE422F1}
	EndProjectSection
EndProject
Global
	GlobalSection(SolutionConfigurationPlatforms) = preSolution
		Debug|Any CPU = Debug|Any CPU
		Debug|x64 = Debug|x64
		Debug|x86 = Debug|x86
		Release|Any CPU = Release|Any CPU
		Release|x64 = Release|x64
		Release|x86 = Release|x86
	EndGlobalSection
	GlobalSection(SolutionProperties) = preSolution
		HideSolutionNode = FALSE
	EndGlobalSection
	GlobalSection(ProjectConfigurationPlatforms) = postSolution
		{B05CC03E-2DEE-45DA-9697-3DD22CCBEF7B}.Debug|Any CPU.ActiveCfg = Debug|Any CPU
		{B05CC03E-2DEE-45DA-9697-3DD22CCBEF7B}.Debug|Any CPU.Build.0 = Debug|Any CPU
		{B05CC03E-2DEE-45DA-9697-3DD22CCBEF7B}.Debug|x64.ActiveCfg = Debug|Any CPU
		{B05CC03E-2DEE-45DA-9697-3DD22CCBEF7B}.Debug|x64.Build.0 = Debug|Any CPU
		{B05CC03E-2DEE-45DA-9697-3DD22CCBEF7B}.Debug|x86.ActiveCfg = Debug|Any CPU
		{B05CC03E-2DEE-45DA-9697-3DD22CCBEF7B}.Debug|x86.Build.0 = Debug|Any CPU
		{B05CC03E-2DEE-45DA-9697-3DD22CCBEF7B}.Release|Any CPU.ActiveCfg = Release|Any CPU
		{B05CC03E-2DEE-45DA-9697-3DD22CCBEF7B}.Release|Any CPU.Build.0 = Release|Any CPU
		{B05CC03E-2DEE-45DA-9697-3DD22CCBEF7B}.Release|x64.ActiveCfg = Release|Any CPU
		{B05CC03E-2DEE-45DA-9697-3DD22CCBEF7B}.Release|x64.Build.0 = Release|Any CPU
		{B05CC03E-2DEE-45DA-9697-3DD22CCBEF7B}.Release|x86.ActiveCfg = Release|Any CPU
		{B05CC03E-2DEE-45DA-9697-3DD22CCBEF7B}.Release|x86.Build.0 = Release|Any CPU
		{49F24DE2-C405-4BCD-A180-5DD16CE422F1}.Debug|Any CPU.ActiveCfg = Debug|Any CPU
		{49F24DE2-C405-4BCD-A180-5DD16CE422F1}.Debug|Any CPU.Build.0 = Debug|Any CPU
		{49F24DE2-C405-4BCD-A180-5DD16CE422F1}.Debug|x64.ActiveCfg = Debug|Any CPU
		{49F24DE2-C405-4BCD-A180-5DD16CE422F1}.Debug|x64.Build.0 = Debug|Any CPU
		{49F24DE2-C405-4BCD-A180-5DD16CE422F1}.Debug|x86.ActiveCfg = Debug|Any CPU
		{49F24DE2-C405-4BCD-A180-5DD16CE422F1}.Debug|x86.Build.0 = Debug|Any CPU
		{49F24DE2-C405-4BCD-A180-5DD16CE422F1}.Release|Any CPU.ActiveCfg = Release|Any CPU
		{49F24DE2-C405-4BCD-A180-5DD16CE422F1}.Release|Any CPU.Build.0 = Release|Any CPU
		{49F24DE2-C405-4BCD-A180-5DD16CE422F1}.Release|x64.ActiveCfg = Release|Any CPU
		{49F24DE2-C405-4BCD-A180-5DD16CE422F1}.Release|x64.Build.0 = Release|Any CPU
		{49F24DE2-C405-4BCD-A180-5DD16CE422F1}.Release|x86.ActiveCfg = Release|Any CPU
		{49F24DE2-C405-4BCD-A180-5DD16CE422F1}.Release|x86.Build.0 = Release|Any CPU
		{99338F74-3F3D-4F67-AD98-824FF692453A}.Debug|Any CPU.ActiveCfg = Debug|Any CPU
		{99338F74-3F3D-4F67-AD98-824FF692453A}.Debug|Any CPU.Build.0 = Debug|Any CPU
		{99338F74-3F3D-4F67-AD98-824FF692453A}.Debug|x64.ActiveCfg = Debug|Any CPU
		{99338F74-3F3D-4F67-AD98-824FF692453A}.Debug|x64.Build.0 = Debug|Any CPU
		{99338F74-3F3D-4F67-AD98-824FF692453A}.Debug|x86.ActiveCfg = Debug|Any CPU
		{99338F74-3F3D-4F67-AD98-824FF692453A}.Debug|x86.Build.0 = Debug|Any CPU
		{99338F74-3F3D-4F67-AD98-824FF692453A}.Release|Any CPU.ActiveCfg = Release|Any CPU
		{99338F74-3F3D-4F67-AD98-824FF692453A}.Release|Any CPU.Build.0 = Release|Any CPU
		{99338F74-3F3D-4F67-AD98-824FF692453A}.Release|x64.ActiveCfg = Release|Any CPU
		{99338F74-3F3D-4F67-AD98-824FF692453A}.Release|x64.Build.0 = Release|Any CPU
		{99338F74-3F3D-4F67-AD98-824FF692453A}.Release|x86.ActiveCfg = Release|Any CPU
		{99338F74-3F3D-4F67-AD98-824FF692453A}.Release|x86.Build.0 = Release|Any CPU
		{6843F653-558B-4BD4-976E-12F36F2987C9}.Debug|Any CPU.ActiveCfg = Debug|Any CPU
		{6843F653-558B-4BD4-976E-12F36F2987C9}.Debug|Any CPU.Build.0 = Debug|Any CPU
		{6843F653-558B-4BD4-976E-12F36F2987C9}.Debug|x64.ActiveCfg = Debug|Any CPU
		{6843F653-558B-4BD4-976E-12F36F2987C9}.Debug|x64.Build.0 = Debug|Any CPU
		{6843F653-558B-4BD4-976E-12F36F2987C9}.Debug|x86.ActiveCfg = Debug|Any CPU
		{6843F653-558B-4BD4-976E-12F36F2987C9}.Debug|x86.Build.0 = Debug|Any CPU
		{6843F653-558B-4BD4-976E-12F36F2987C9}.Release|Any CPU.ActiveCfg = Release|Any CPU
		{6843F653-558B-4BD4-976E-12F36F2987C9}.Release|Any CPU.Build.0 = Release|Any CPU
		{6843F653-558B-4BD4-976E-12F36F2987C9}.Release|x64.ActiveCfg = Release|Any CPU
		{6843F653-558B-4BD4-976E-12F36F2987C9}.Release|x64.Build.0 = Release|Any CPU
		{6843F653-558B-4BD4-976E-12F36F2987C9}.Release|x86.ActiveCfg = Release|Any CPU
		{6843F653-558B-4BD4-976E-12F36F2987C9}.Release|x86.Build.0 = Release|Any CPU
	EndGlobalSection
EndGlobal
