
Microsoft Visual Studio Solution File, Format Version 12.00
Project("{FAE04EC0-301F-11D3-BF4B-00C04F79EFBC}") = "SimpleException", "SimpleException\SimpleException.csproj", "{5D09936B-F6C0-40E3-BBBC-5712CB934040}"
EndProject
Project("{FAE04EC0-301F-11D3-BF4B-00C04F79EFBC}") = "CustomException", "CustomException\CustomException.csproj", "{2DDCBEF2-D614-4304-A55A-2FD6AC204B01}"
EndProject
Project("{FAE04EC0-301F-11D3-BF4B-00C04F79EFBC}") = "ProcessMultipleExceptions", "ProcessMultipleExceptions\ProcessMultipleExceptions.csproj", "{2975DECD-787D-4CB9-A9DF-11F2F7E23D28}"
EndProject
Global
	GlobalSection(SolutionConfigurationPlatforms) = preSolution
		Debug|Any CPU = Debug|Any CPU
		Release|Any CPU = Release|Any CPU
	EndGlobalSection
	GlobalSection(ProjectConfigurationPlatforms) = postSolution
		{5D09936B-F6C0-40E3-BBBC-5712CB934040}.Debug|Any CPU.ActiveCfg = Debug|Any CPU
		{5D09936B-F6C0-40E3-BBBC-5712CB934040}.Debug|Any CPU.Build.0 = Debug|Any CPU
		{5D09936B-F6C0-40E3-BBBC-5712CB934040}.Release|Any CPU.ActiveCfg = Release|Any CPU
		{5D09936B-F6C0-40E3-BBBC-5712CB934040}.Release|Any CPU.Build.0 = Release|Any CPU
		{2DDCBEF2-D614-4304-A55A-2FD6AC204B01}.Debug|Any CPU.ActiveCfg = Debug|Any CPU
		{2DDCBEF2-D614-4304-A55A-2FD6AC204B01}.Debug|Any CPU.Build.0 = Debug|Any CPU
		{2DDCBEF2-D614-4304-A55A-2FD6AC204B01}.Release|Any CPU.ActiveCfg = Release|Any CPU
		{2DDCBEF2-D614-4304-A55A-2FD6AC204B01}.Release|Any CPU.Build.0 = Release|Any CPU
		{2975DECD-787D-4CB9-A9DF-11F2F7E23D28}.Debug|Any CPU.ActiveCfg = Debug|Any CPU
		{2975DECD-787D-4CB9-A9DF-11F2F7E23D28}.Debug|Any CPU.Build.0 = Debug|Any CPU
		{2975DECD-787D-4CB9-A9DF-11F2F7E23D28}.Release|Any CPU.ActiveCfg = Release|Any CPU
		{2975DECD-787D-4CB9-A9DF-11F2F7E23D28}.Release|Any CPU.Build.0 = Release|Any CPU
	EndGlobalSection
EndGlobal
